
Microsoft Visual Studio Solution File, Format Version 12.00
# Visual Studio Version 17
VisualStudioVersion = 17.9.34701.34
MinimumVisualStudioVersion = 10.0.40219.1
Project("{FAE04EC0-301F-11D3-BF4B-00C04F79EFBC}") = "SafePath", "SafePath\SafePath.csproj", "{3EEEECFA-9EB8-48C4-9994-723F689A5593}"
EndProject
Global
	GlobalSection(SolutionConfigurationPlatforms) = preSolution
		Debug|Any CPU = Debug|Any CPU
		Release|Any CPU = Release|Any CPU
	EndGlobalSection
	GlobalSection(ProjectConfigurationPlatforms) = postSolution
		{3EEEECFA-9EB8-48C4-9994-723F689A5593}.Debug|Any CPU.ActiveCfg = Debug|Any CPU
		{3EEEECFA-9EB8-48C4-9994-723F689A5593}.Debug|Any CPU.Build.0 = Debug|Any CPU
		{3EEEECFA-9EB8-48C4-9994-723F689A5593}.Release|Any CPU.ActiveCfg = Release|Any CPU
		{3EEEECFA-9EB8-48C4-9994-723F689A5593}.Release|Any CPU.Build.0 = Release|Any CPU
	EndGlobalSection
	GlobalSection(SolutionProperties) = preSolution
		HideSolutionNode = FALSE
	EndGlobalSection
	GlobalSection(ExtensibilityGlobals) = postSolution
		SolutionGuid = {7434F714-137B-4E0A-9FF2-9EB6FDF776B7}
	EndGlobalSection
EndGlobal
